
Microsoft Visual Studio Solution File, Format Version 12.00
Project("{FAE04EC0-301F-11D3-BF4B-00C04F79EFBC}") = "uva-212-basic-example", "uva-212-basic-example\uva-212-basic-example.csproj", "{08E50C36-9D03-41EE-A913-C4F5C39D795E}"
EndProject
Global
	GlobalSection(SolutionConfigurationPlatforms) = preSolution
		Debug|Any CPU = Debug|Any CPU
		Release|Any CPU = Release|Any CPU
	EndGlobalSection
	GlobalSection(ProjectConfigurationPlatforms) = postSolution
		{08E50C36-9D03-41EE-A913-C4F5C39D795E}.Debug|Any CPU.ActiveCfg = Debug|Any CPU
		{08E50C36-9D03-41EE-A913-C4F5C39D795E}.Debug|Any CPU.Build.0 = Debug|Any CPU
		{08E50C36-9D03-41EE-A913-C4F5C39D795E}.Release|Any CPU.ActiveCfg = Release|Any CPU
		{08E50C36-9D03-41EE-A913-C4F5C39D795E}.Release|Any CPU.Build.0 = Release|Any CPU
	EndGlobalSection
EndGlobal
